// !$*UTF8*$!
{
	archiveVersion = 1;
	classes = {
	};
	objectVersion = 50;
	objects = {

/* Begin PBXBuildFile section */
		F124BE4723699AB700721675 /* AppDelegate.swift in Sources */ = {isa = PBXBuildFile; fileRef = F124BE4623699AB700721675 /* AppDelegate.swift */; };
		F124BE4923699AB700721675 /* ViewController.swift in Sources */ = {isa = PBXBuildFile; fileRef = F124BE4823699AB700721675 /* ViewController.swift */; };
		F124BE4C23699AB700721675 /* Main.storyboard in Resources */ = {isa = PBXBuildFile; fileRef = F124BE4A23699AB700721675 /* Main.storyboard */; };
		F124BE4E23699AC300721675 /* Assets.xcassets in Resources */ = {isa = PBXBuildFile; fileRef = F124BE4D23699AC300721675 /* Assets.xcassets */; };
		F124BE5123699AC300721675 /* LaunchScreen.storyboard in Resources */ = {isa = PBXBuildFile; fileRef = F124BE4F23699AC300721675 /* LaunchScreen.storyboard */; };
/* End PBXBuildFile section */

/* Begin PBXFileReference section */
		F124BE4323699AB700721675 /* WeiBo.app */ = {isa = PBXFileReference; explicitFileType = wrapper.application; includeInIndex = 0; path = WeiBo.app; sourceTree = BUILT_PRODUCTS_DIR; };
		F124BE4623699AB700721675 /* AppDelegate.swift */ = {isa = PBXFileReference; lastKnownFileType = sourcecode.swift; path = AppDelegate.swift; sourceTree = "<group>"; };
		F124BE4823699AB700721675 /* ViewController.swift */ = {isa = PBXFileReference; lastKnownFileType = sourcecode.swift; path = ViewController.swift; sourceTree = "<group>"; };
		F124BE4B23699AB700721675 /* Base */ = {isa = PBXFileReference; lastKnownFileType = file.storyboard; name = Base; path = Base.lproj/Main.storyboard; sourceTree = "<group>"; };
		F124BE4D23699AC300721675 /* Assets.xcassets */ = {isa = PBXFileReference; lastKnownFileType = folder.assetcatalog; path = Assets.xcassets; sourceTree = "<group>"; };
		F124BE5023699AC300721675 /* Base */ = {isa = PBXFileReference; lastKnownFileType = file.storyboard; name = Base; path = Base.lproj/LaunchScreen.storyboard; sourceTree = "<group>"; };
		F124BE5223699AC300721675 /* Info.plist */ = {isa = PBXFileReference; lastKnownFileType = text.plist.xml; path = Info.plist; sourceTree = "<group>"; };
/* End PBXFileReference section */

/* Begin PBXFrameworksBuildPhase section */
		F124BE4023699AB700721675 /* Frameworks */ = {
			isa = PBXFrameworksBuildPhase;
			buildActionMask = 2147483647;
			files = (
			);
			runOnlyForDeploymentPostprocessing = 0;
		};
/* End PBXFrameworksBuildPhase section */

/* Begin PBXGroup section */
		F124BE3A23699AB700721675 = {
			isa = PBXGroup;
			children = (
				F124BE4523699AB700721675 /* WeiBo */,
				F124BE4423699AB700721675 /* Products */,
			);
			sourceTree = "<group>";
		};
		F124BE4423699AB700721675 /* Products */ = {
			isa = PBXGroup;
			children = (
				F124BE4323699AB700721675 /* WeiBo.app */,
			);
			name = Products;
			sourceTree = "<group>";
		};
		F124BE4523699AB700721675 /* WeiBo */ = {
			isa = PBXGroup;
			children = (
				F124BE592369A4BE00721675 /* Classes */,
				F124BE4623699AB700721675 /* AppDelegate.swift */,
				F124BE4823699AB700721675 /* ViewController.swift */,
				F124BE4A23699AB700721675 /* Main.storyboard */,
				F124BE4D23699AC300721675 /* Assets.xcassets */,
				F124BE4F23699AC300721675 /* LaunchScreen.storyboard */,
				F124BE5223699AC300721675 /* Info.plist */,
			);
			path = WeiBo;
			sourceTree = "<group>";
		};
		F124BE592369A4BE00721675 /* Classes */ = {
			isa = PBXGroup;
			children = (
				F124BE5B2369A4E900721675 /* Home */,
				F124BE5A2369A4DA00721675 /* Main */,
				F124BE5E2369A50B00721675 /* Profile */,
				F124BE5D2369A50200721675 /* Discover */,
				F124BE5C2369A4FB00721675 /* Message */,
			);
			path = Classes;
			sourceTree = "<group>";
		};
		F124BE5A2369A4DA00721675 /* Main */ = {
			isa = PBXGroup;
			children = (
			);
			path = Main;
			sourceTree = "<group>";
		};
		F124BE5B2369A4E900721675 /* Home */ = {
			isa = PBXGroup;
			children = (
			);
			path = Home;
			sourceTree = "<group>";
		};
		F124BE5C2369A4FB00721675 /* Message */ = {
			isa = PBXGroup;
			children = (
			);
			path = Message;
			sourceTree = "<group>";
		};
		F124BE5D2369A50200721675 /* Discover */ = {
			isa = PBXGroup;
			children = (
			);
			path = Discover;
			sourceTree = "<group>";
		};
		F124BE5E2369A50B00721675 /* Profile */ = {
			isa = PBXGroup;
			children = (
			);
			path = Profile;
			sourceTree = "<group>";
		};
/* End PBXGroup section */

/* Begin PBXNativeTarget section */
		F124BE4223699AB700721675 /* WeiBo */ = {
			isa = PBXNativeTarget;
			buildConfigurationList = F124BE5523699AC300721675 /* Build configuration list for PBXNativeTarget "WeiBo" */;
			buildPhases = (
				F124BE3F23699AB700721675 /* Sources */,
				F124BE4023699AB700721675 /* Frameworks */,
				F124BE4123699AB700721675 /* Resources */,
			);
			buildRules = (
			);
			dependencies = (
			);
			name = WeiBo;
			productName = WeiBo;
			productReference = F124BE4323699AB700721675 /* WeiBo.app */;
			productType = "com.apple.product-type.application";
		};
/* End PBXNativeTarget section */

/* Begin PBXProject section */
		F124BE3B23699AB700721675 /* Project object */ = {
			isa = PBXProject;
			attributes = {
				LastSwiftUpdateCheck = 1030;
				LastUpgradeCheck = 1030;
				ORGANIZATIONNAME = "李喜明";
				TargetAttributes = {
					F124BE4223699AB700721675 = {
						CreatedOnToolsVersion = 10.3;
					};
				};
			};
			buildConfigurationList = F124BE3E23699AB700721675 /* Build configuration list for PBXProject "WeiBo" */;
			compatibilityVersion = "Xcode 9.3";
			developmentRegion = en;
			hasScannedForEncodings = 0;
			knownRegions = (
				en,
				Base,
			);
			mainGroup = F124BE3A23699AB700721675;
			productRefGroup = F124BE4423699AB700721675 /* Products */;
			projectDirPath = "";
			projectRoot = "";
			targets = (
				F124BE4223699AB700721675 /* WeiBo */,
			);
		};
/* End PBXProject section */

/* Begin PBXResourcesBuildPhase section */
		F124BE4123699AB700721675 /* Resources */ = {
			isa = PBXResourcesBuildPhase;
			buildActionMask = 2147483647;
			files = (
				F124BE5123699AC300721675 /* LaunchScreen.storyboard in Resources */,
				F124BE4E23699AC300721675 /* Assets.xcassets in Resources */,
				F124BE4C23699AB700721675 /* Main.storyboard in Resources */,
			);
			runOnlyForDeploymentPostprocessing = 0;
		};
/* End PBXResourcesBuildPhase section */

/* Begin PBXSourcesBuildPhase section */
		F124BE3F23699AB700721675 /* Sources */ = {
			isa = PBXSourcesBuildPhase;
			buildActionMask = 2147483647;
			files = (
				F124BE4923699AB700721675 /* ViewController.swift in Sources */,
				F124BE4723699AB700721675 /* AppDelegate.swift in Sources */,
			);
			runOnlyForDeploymentPostprocessing = 0;
		};
/* End PBXSourcesBuildPhase section */

/* Begin PBXVariantGroup section */
		F124BE4A23699AB700721675 /* Main.storyboard */ = {
			isa = PBXVariantGroup;
			children = (
				F124BE4B23699AB700721675 /* Base */,
			);
			name = Main.storyboard;
			sourceTree = "<group>";
		};
		F124BE4F23699AC300721675 /* LaunchScreen.storyboard */ = {
			isa = PBXVariantGroup;
			children = (
				F124BE5023699AC300721675 /* Base */,
			);
			name = LaunchScreen.storyboard;
			sourceTree = "<group>";
		};
/* End PBXVariantGroup section */

/* Begin XCBuildConfiguration section */
		F124BE5323699AC300721675 /* Debug */ = {
			isa = XCBuildConfiguration;
			buildSettings = {
				ALWAYS_SEARCH_USER_PATHS = NO;
				CLANG_ANALYZER_NONNULL = YES;
				CLANG_ANALYZER_NUMBER_OBJECT_CONVERSION = YES_AGGRESSIVE;
				CLANG_CXX_LANGUAGE_STANDARD = "gnu++14";
				CLANG_CXX_LIBRARY = "libc++";
				CLANG_ENABLE_MODULES = YES;
				CLANG_ENABLE_OBJC_ARC = YES;
				CLANG_ENABLE_OBJC_WEAK = YES;
				CLANG_WARN_BLOCK_CAPTURE_AUTORELEASING = YES;
				CLANG_WARN_BOOL_CONVERSION = YES;
				CLANG_WARN_COMMA = YES;
				CLANG_WARN_CONSTANT_CONVERSION = YES;
				CLANG_WARN_DEPRECATED_OBJC_IMPLEMENTATIONS = YES;
				CLANG_WARN_DIRECT_OBJC_ISA_USAGE = YES_ERROR;
				CLANG_WARN_DOCUMENTATION_COMMENTS = YES;
				CLANG_WARN_EMPTY_BODY = YES;
				CLANG_WARN_ENUM_CONVERSION = YES;
				CLANG_WARN_INFINITE_RECURSION = YES;
				CLANG_WARN_INT_CONVERSION = YES;
				CLANG_WARN_NON_LITERAL_NULL_CONVERSION = YES;
				CLANG_WARN_OBJC_IMPLICIT_RETAIN_SELF = YES;
				CLANG_WARN_OBJC_LITERAL_CONVERSION = YES;
				CLANG_WARN_OBJC_ROOT_CLASS = YES_ERROR;
				CLANG_WARN_RANGE_LOOP_ANALYSIS = YES;
				CLANG_WARN_STRICT_PROTOTYPES = YES;
				CLANG_WARN_SUSPICIOUS_MOVE = YES;
				CLANG_WARN_UNGUARDED_AVAILABILITY = YES_AGGRESSIVE;
				CLANG_WARN_UNREACHABLE_CODE = YES;
				CLANG_WARN__DUPLICATE_METHOD_MATCH = YES;
				CODE_SIGN_IDENTITY = "iPhone Developer";
				COPY_PHASE_STRIP = NO;
				DEBUG_INFORMATION_FORMAT = dwarf;
				ENABLE_STRICT_OBJC_MSGSEND = YES;
				ENABLE_TESTABILITY = YES;
				GCC_C_LANGUAGE_STANDARD = gnu11;
				GCC_DYNAMIC_NO_PIC = NO;
				GCC_NO_COMMON_BLOCKS = YES;
				GCC_OPTIMIZATION_LEVEL = 0;
				GCC_PREPROCESSOR_DEFINITIONS = (
					"DEBUG=1",
					"$(inherited)",
				);
				GCC_WARN_64_TO_32_BIT_CONVERSION = YES;
				GCC_WARN_ABOUT_RETURN_TYPE = YES_ERROR;
				GCC_WARN_UNDECLARED_SELECTOR = YES;
				GCC_WARN_UNINITIALIZED_AUTOS = YES_AGGRESSIVE;
				GCC_WARN_UNUSED_FUNCTION = YES;
				GCC_WARN_UNUSED_VARIABLE = YES;
				IPHONEOS_DEPLOYMENT_TARGET = 12.4;
				MTL_ENABLE_DEBUG_INFO = INCLUDE_SOURCE;
				MTL_FAST_MATH = YES;
				ONLY_ACTIVE_ARCH = YES;
				SDKROOT = iphoneos;
				SWIFT_ACTIVE_COMPILATION_CONDITIONS = DEBUG;
				SWIFT_OPTIMIZATION_LEVEL = "-Onone";
			};
			name = Debug;
		};
		F124BE5423699AC300721675 /* Release */ = {
			isa = XCBuildConfiguration;
			buildSettings = {
				ALWAYS_SEARCH_USER_PATHS = NO;
				CLANG_ANALYZER_NONNULL = YES;
				CLANG_ANALYZER_NUMBER_OBJECT_CONVERSION = YES_AGGRESSIVE;
				CLANG_CXX_LANGUAGE_STANDARD = "gnu++14";
				CLANG_CXX_LIBRARY = "libc++";
				CLANG_ENABLE_MODULES = YES;
				CLANG_ENABLE_OBJC_ARC = YES;
				CLANG_ENABLE_OBJC_WEAK = YES;
				CLANG_WARN_BLOCK_CAPTURE_AUTORELEASING = YES;
				CLANG_WARN_BOOL_CONVERSION = YES;
				CLANG_WARN_COMMA = YES;
				CLANG_WARN_CONSTANT_CONVERSION = YES;
				CLANG_WARN_DEPRECATED_OBJC_IMPLEMENTATIONS = YES;
				CLANG_WARN_DIRECT_OBJC_ISA_USAGE = YES_ERROR;
				CLANG_WARN_DOCUMENTATION_COMMENTS = YES;
				CLANG_WARN_EMPTY_BODY = YES;
				CLANG_WARN_ENUM_CONVERSION = YES;
				CLANG_WARN_INFINITE_RECURSION = YES;
				CLANG_WARN_INT_CONVERSION = YES;
				CLANG_WARN_NON_LITERAL_NULL_CONVERSION = YES;
				CLANG_WARN_OBJC_IMPLICIT_RETAIN_SELF = YES;
				CLANG_WARN_OBJC_LITERAL_CONVERSION = YES;
				CLANG_WARN_OBJC_ROOT_CLASS = YES_ERROR;
				CLANG_WARN_RANGE_LOOP_ANALYSIS = YES;
				CLANG_WARN_STRICT_PROTOTYPES = YES;
				CLANG_WARN_SUSPICIOUS_MOVE = YES;
				CLANG_WARN_UNGUARDED_AVAILABILITY = YES_AGGRESSIVE;
				CLANG_WARN_UNREACHABLE_CODE = YES;
				CLANG_WARN__DUPLICATE_METHOD_MATCH = YES;
				CODE_SIGN_IDENTITY = "iPhone Developer";
				COPY_PHASE_STRIP = NO;
				DEBUG_INFORMATION_FORMAT = "dwarf-with-dsym";
				ENABLE_NS_ASSERTIONS = NO;
				ENABLE_STRICT_OBJC_MSGSEND = YES;
				GCC_C_LANGUAGE_STANDARD = gnu11;
				GCC_NO_COMMON_BLOCKS = YES;
				GCC_WARN_64_TO_32_BIT_CONVERSION = YES;
				GCC_WARN_ABOUT_RETURN_TYPE = YES_ERROR;
				GCC_WARN_UNDECLARED_SELECTOR = YES;
				GCC_WARN_UNINITIALIZED_AUTOS = YES_AGGRESSIVE;
				GCC_WARN_UNUSED_FUNCTION = YES;
				GCC_WARN_UNUSED_VARIABLE = YES;
				IPHONEOS_DEPLOYMENT_TARGET = 12.4;
				MTL_ENABLE_DEBUG_INFO = NO;
				MTL_FAST_MATH = YES;
				SDKROOT = iphoneos;
				SWIFT_COMPILATION_MODE = wholemodule;
				SWIFT_OPTIMIZATION_LEVEL = "-O";
				VALIDATE_PRODUCT = YES;
			};
			name = Release;
		};
		F124BE5623699AC300721675 /* Debug */ = {
			isa = XCBuildConfiguration;
			buildSettings = {
				ASSETCATALOG_COMPILER_APPICON_NAME = AppIcon;
				ASSETCATALOG_COMPILER_LAUNCHIMAGE_NAME = LaunchImage;
				CODE_SIGN_STYLE = Automatic;
				DEVELOPMENT_TEAM = L22J7Z8455;
				INFOPLIST_FILE = WeiBo/Info.plist;
				LD_RUNPATH_SEARCH_PATHS = (
					"$(inherited)",
					"@executable_path/Frameworks",
				);
				PRODUCT_BUNDLE_IDENTIFIER = Liximing.WeiBo;
				PRODUCT_NAME = "$(TARGET_NAME)";
				SWIFT_VERSION = 5.0;
				TARGETED_DEVICE_FAMILY = 1;
			};
			name = Debug;
		};
		F124BE5723699AC300721675 /* Release */ = {
			isa = XCBuildConfiguration;
			buildSettings = {
				ASSETCATALOG_COMPILER_APPICON_NAME = AppIcon;
				ASSETCATALOG_COMPILER_LAUNCHIMAGE_NAME = LaunchImage;
				CODE_SIGN_STYLE = Automatic;
				DEVELOPMENT_TEAM = L22J7Z8455;
				INFOPLIST_FILE = WeiBo/Info.plist;
				LD_RUNPATH_SEARCH_PATHS = (
					"$(inherited)",
					"@executable_path/Frameworks",
				);
				PRODUCT_BUNDLE_IDENTIFIER = Liximing.WeiBo;
				PRODUCT_NAME = "$(TARGET_NAME)";
				SWIFT_VERSION = 5.0;
				TARGETED_DEVICE_FAMILY = 1;
			};
			name = Release;
		};
/* End XCBuildConfiguration section */

/* Begin XCConfigurationList section */
		F124BE3E23699AB700721675 /* Build configuration list for PBXProject "WeiBo" */ = {
			isa = XCConfigurationList;
			buildConfigurations = (
				F124BE5323699AC300721675 /* Debug */,
				F124BE5423699AC300721675 /* Release */,
			);
			defaultConfigurationIsVisible = 0;
			defaultConfigurationName = Release;
		};
		F124BE5523699AC300721675 /* Build configuration list for PBXNativeTarget "WeiBo" */ = {
			isa = XCConfigurationList;
			buildConfigurations = (
				F124BE5623699AC300721675 /* Debug */,
				F124BE5723699AC300721675 /* Release */,
			);
			defaultConfigurationIsVisible = 0;
			defaultConfigurationName = Release;
		};
/* End XCConfigurationList section */
	};
	rootObject = F124BE3B23699AB700721675 /* Project object */;
}
